
Microsoft Visual Studio Solution File, Format Version 12.00
# Visual Studio Version 16
VisualStudioVersion = 16.0.31729.503
MinimumVisualStudioVersion = 10.0.40219.1
Project("{9A19103F-16F7-4668-BE54-9A1E7A4F7556}") = "PrimerWebApi", "PrimerWebApi\PrimerWebApi.csproj", "{A15C4735-AC10-4EED-A370-4929FDD486BC}"
EndProject
Project("{2150E333-8FDC-42A3-9474-1A3956D46DE8}") = "01- Common", "01- Common", "{7BAB61D0-BF59-42C2-B6EE-A24C384CCF57}"
EndProject
Project("{FAE04EC0-301F-11D3-BF4B-00C04F79EFBC}") = "Omega.Common", "Omega.Common\Omega.Common.csproj", "{D9E66781-5934-468D-AE59-F641C5C2A3D5}"
EndProject
Project("{2150E333-8FDC-42A3-9474-1A3956D46DE8}") = "02 - Model", "02 - Model", "{3A5B8B12-E973-4CA3-9B8D-9AB1566216B7}"
EndProject
Project("{FAE04EC0-301F-11D3-BF4B-00C04F79EFBC}") = "Omega.Model", "Omega.Model\Omega.Model.csproj", "{F2BB1E6E-42D2-4A6B-8F8C-C9BA94AABAB8}"
EndProject
Project("{2150E333-8FDC-42A3-9474-1A3956D46DE8}") = "03- Entities", "03- Entities", "{F4544962-1F55-4957-8086-38196A41AA52}"
EndProject
Project("{FAE04EC0-301F-11D3-BF4B-00C04F79EFBC}") = "Omega.Entities", "Omega.Entities\Omega.Entities.csproj", "{C9DA0B91-0CD4-4C6D-8513-0330275F0218}"
EndProject
Project("{2150E333-8FDC-42A3-9474-1A3956D46DE8}") = "04- Repositories", "04- Repositories", "{256EADBE-D0C9-452D-92EC-5CF74D47333A}"
EndProject
Project("{FAE04EC0-301F-11D3-BF4B-00C04F79EFBC}") = "Omega.Repositories", "Omega.Repositories\Omega.Repositories.csproj", "{E1C9A4BE-D987-4A08-9A16-9E7BC7B68123}"
EndProject
Project("{2150E333-8FDC-42A3-9474-1A3956D46DE8}") = "05- Business Logic", "05- Business Logic", "{25BA9076-E176-44D8-83D3-EE56C2367E9F}"
EndProject
Project("{FAE04EC0-301F-11D3-BF4B-00C04F79EFBC}") = "Omega.BusinessLogic", "Omega.BusinessLogic\Omega.BusinessLogic.csproj", "{864B09BE-ED65-470D-A541-E093E090D6BE}"
EndProject
Project("{2150E333-8FDC-42A3-9474-1A3956D46DE8}") = "06- Automated Tasks", "06- Automated Tasks", "{21C4285D-143C-4E69-AFCE-779E3673DA9C}"
EndProject
Project("{FAE04EC0-301F-11D3-BF4B-00C04F79EFBC}") = "Omega.AutomatedTasks", "Omega.AutomatedTasks\Omega.AutomatedTasks.csproj", "{8FA2E7A6-28BA-4871-8679-CC48EAEA87D3}"
EndProject
Project("{2150E333-8FDC-42A3-9474-1A3956D46DE8}") = "07- Host", "07- Host", "{3E407EC9-C4AD-4C56-A27D-1A5425F9656C}"
EndProject
Project("{2150E333-8FDC-42A3-9474-1A3956D46DE8}") = "08- Test", "08- Test", "{48835E70-7113-42A7-B9CB-9A3673C40DE9}"
EndProject
Project("{FAE04EC0-301F-11D3-BF4B-00C04F79EFBC}") = "Omega.Test", "Omega.Test\Omega.Test.csproj", "{4D45BF63-EFE0-43BD-833C-40E299A56C96}"
EndProject
Global
	GlobalSection(SolutionConfigurationPlatforms) = preSolution
		Debug|Any CPU = Debug|Any CPU
		Release|Any CPU = Release|Any CPU
	EndGlobalSection
	GlobalSection(ProjectConfigurationPlatforms) = postSolution
		{A15C4735-AC10-4EED-A370-4929FDD486BC}.Debug|Any CPU.ActiveCfg = Debug|Any CPU
		{A15C4735-AC10-4EED-A370-4929FDD486BC}.Debug|Any CPU.Build.0 = Debug|Any CPU
		{A15C4735-AC10-4EED-A370-4929FDD486BC}.Release|Any CPU.ActiveCfg = Release|Any CPU
		{A15C4735-AC10-4EED-A370-4929FDD486BC}.Release|Any CPU.Build.0 = Release|Any CPU
		{D9E66781-5934-468D-AE59-F641C5C2A3D5}.Debug|Any CPU.ActiveCfg = Debug|Any CPU
		{D9E66781-5934-468D-AE59-F641C5C2A3D5}.Debug|Any CPU.Build.0 = Debug|Any CPU
		{D9E66781-5934-468D-AE59-F641C5C2A3D5}.Release|Any CPU.ActiveCfg = Release|Any CPU
		{D9E66781-5934-468D-AE59-F641C5C2A3D5}.Release|Any CPU.Build.0 = Release|Any CPU
		{F2BB1E6E-42D2-4A6B-8F8C-C9BA94AABAB8}.Debug|Any CPU.ActiveCfg = Debug|Any CPU
		{F2BB1E6E-42D2-4A6B-8F8C-C9BA94AABAB8}.Debug|Any CPU.Build.0 = Debug|Any CPU
		{F2BB1E6E-42D2-4A6B-8F8C-C9BA94AABAB8}.Release|Any CPU.ActiveCfg = Release|Any CPU
		{F2BB1E6E-42D2-4A6B-8F8C-C9BA94AABAB8}.Release|Any CPU.Build.0 = Release|Any CPU
		{C9DA0B91-0CD4-4C6D-8513-0330275F0218}.Debug|Any CPU.ActiveCfg = Debug|Any CPU
		{C9DA0B91-0CD4-4C6D-8513-0330275F0218}.Debug|Any CPU.Build.0 = Debug|Any CPU
		{C9DA0B91-0CD4-4C6D-8513-0330275F0218}.Release|Any CPU.ActiveCfg = Release|Any CPU
		{C9DA0B91-0CD4-4C6D-8513-0330275F0218}.Release|Any CPU.Build.0 = Release|Any CPU
		{E1C9A4BE-D987-4A08-9A16-9E7BC7B68123}.Debug|Any CPU.ActiveCfg = Debug|Any CPU
		{E1C9A4BE-D987-4A08-9A16-9E7BC7B68123}.Debug|Any CPU.Build.0 = Debug|Any CPU
		{E1C9A4BE-D987-4A08-9A16-9E7BC7B68123}.Release|Any CPU.ActiveCfg = Release|Any CPU
		{E1C9A4BE-D987-4A08-9A16-9E7BC7B68123}.Release|Any CPU.Build.0 = Release|Any CPU
		{864B09BE-ED65-470D-A541-E093E090D6BE}.Debug|Any CPU.ActiveCfg = Debug|Any CPU
		{864B09BE-ED65-470D-A541-E093E090D6BE}.Debug|Any CPU.Build.0 = Debug|Any CPU
		{864B09BE-ED65-470D-A541-E093E090D6BE}.Release|Any CPU.ActiveCfg = Release|Any CPU
		{864B09BE-ED65-470D-A541-E093E090D6BE}.Release|Any CPU.Build.0 = Release|Any CPU
		{8FA2E7A6-28BA-4871-8679-CC48EAEA87D3}.Debug|Any CPU.ActiveCfg = Debug|Any CPU
		{8FA2E7A6-28BA-4871-8679-CC48EAEA87D3}.Debug|Any CPU.Build.0 = Debug|Any CPU
		{8FA2E7A6-28BA-4871-8679-CC48EAEA87D3}.Release|Any CPU.ActiveCfg = Release|Any CPU
		{8FA2E7A6-28BA-4871-8679-CC48EAEA87D3}.Release|Any CPU.Build.0 = Release|Any CPU
		{4D45BF63-EFE0-43BD-833C-40E299A56C96}.Debug|Any CPU.ActiveCfg = Debug|Any CPU
		{4D45BF63-EFE0-43BD-833C-40E299A56C96}.Debug|Any CPU.Build.0 = Debug|Any CPU
		{4D45BF63-EFE0-43BD-833C-40E299A56C96}.Release|Any CPU.ActiveCfg = Release|Any CPU
		{4D45BF63-EFE0-43BD-833C-40E299A56C96}.Release|Any CPU.Build.0 = Release|Any CPU
	EndGlobalSection
	GlobalSection(SolutionProperties) = preSolution
		HideSolutionNode = FALSE
	EndGlobalSection
	GlobalSection(NestedProjects) = preSolution
		{A15C4735-AC10-4EED-A370-4929FDD486BC} = {3E407EC9-C4AD-4C56-A27D-1A5425F9656C}
		{D9E66781-5934-468D-AE59-F641C5C2A3D5} = {7BAB61D0-BF59-42C2-B6EE-A24C384CCF57}
		{F2BB1E6E-42D2-4A6B-8F8C-C9BA94AABAB8} = {3A5B8B12-E973-4CA3-9B8D-9AB1566216B7}
		{C9DA0B91-0CD4-4C6D-8513-0330275F0218} = {F4544962-1F55-4957-8086-38196A41AA52}
		{E1C9A4BE-D987-4A08-9A16-9E7BC7B68123} = {256EADBE-D0C9-452D-92EC-5CF74D47333A}
		{864B09BE-ED65-470D-A541-E093E090D6BE} = {25BA9076-E176-44D8-83D3-EE56C2367E9F}
		{8FA2E7A6-28BA-4871-8679-CC48EAEA87D3} = {21C4285D-143C-4E69-AFCE-779E3673DA9C}
		{4D45BF63-EFE0-43BD-833C-40E299A56C96} = {48835E70-7113-42A7-B9CB-9A3673C40DE9}
	EndGlobalSection
	GlobalSection(ExtensibilityGlobals) = postSolution
		SolutionGuid = {781DDFBD-D822-40D2-9180-891B8F7E1678}
	EndGlobalSection
EndGlobal
